
Microsoft Visual Studio Solution File, Format Version 12.00
# Visual Studio Version 17
VisualStudioVersion = 17.1.32210.238
MinimumVisualStudioVersion = 10.0.40219.1
Project("{FAE04EC0-301F-11D3-BF4B-00C04F79EFBC}") = "Tipkice", "Tipkice\Tipkice.csproj", "{CC64561D-EC7A-4B7B-844B-61E155BF9C38}"
EndProject
Global
	GlobalSection(SolutionConfigurationPlatforms) = preSolution
		Debug|Any CPU = Debug|Any CPU
		Release|Any CPU = Release|Any CPU
	EndGlobalSection
	GlobalSection(ProjectConfigurationPlatforms) = postSolution
		{CC64561D-EC7A-4B7B-844B-61E155BF9C38}.Debug|Any CPU.ActiveCfg = Debug|Any CPU
		{CC64561D-EC7A-4B7B-844B-61E155BF9C38}.Debug|Any CPU.Build.0 = Debug|Any CPU
		{CC64561D-EC7A-4B7B-844B-61E155BF9C38}.Release|Any CPU.ActiveCfg = Release|Any CPU
		{CC64561D-EC7A-4B7B-844B-61E155BF9C38}.Release|Any CPU.Build.0 = Release|Any CPU
	EndGlobalSection
	GlobalSection(SolutionProperties) = preSolution
		HideSolutionNode = FALSE
	EndGlobalSection
	GlobalSection(ExtensibilityGlobals) = postSolution
		SolutionGuid = {2EC8C5BB-3329-4C6F-8D15-81700786F253}
	EndGlobalSection
EndGlobal
