
Microsoft Visual Studio Solution File, Format Version 12.00
# Visual Studio Version 17
VisualStudioVersion = 17.1.32210.238
MinimumVisualStudioVersion = 10.0.40219.1
Project("{FAE04EC0-301F-11D3-BF4B-00C04F79EFBC}") = "KucnaKnjiznica 2", "KucnaKnjiznica 2\KucnaKnjiznica 2.csproj", "{CDD6F60B-D294-4A35-916B-ECC12CA2C3A4}"
EndProject
Global
	GlobalSection(SolutionConfigurationPlatforms) = preSolution
		Debug|Any CPU = Debug|Any CPU
		Release|Any CPU = Release|Any CPU
	EndGlobalSection
	GlobalSection(ProjectConfigurationPlatforms) = postSolution
		{CDD6F60B-D294-4A35-916B-ECC12CA2C3A4}.Debug|Any CPU.ActiveCfg = Debug|Any CPU
		{CDD6F60B-D294-4A35-916B-ECC12CA2C3A4}.Debug|Any CPU.Build.0 = Debug|Any CPU
		{CDD6F60B-D294-4A35-916B-ECC12CA2C3A4}.Release|Any CPU.ActiveCfg = Release|Any CPU
		{CDD6F60B-D294-4A35-916B-ECC12CA2C3A4}.Release|Any CPU.Build.0 = Release|Any CPU
	EndGlobalSection
	GlobalSection(SolutionProperties) = preSolution
		HideSolutionNode = FALSE
	EndGlobalSection
	GlobalSection(ExtensibilityGlobals) = postSolution
		SolutionGuid = {15DFAC79-ADF1-44C1-810E-275D1F5C96D2}
	EndGlobalSection
EndGlobal
